
Microsoft Visual Studio Solution File, Format Version 12.00
# Visual Studio Version 17
VisualStudioVersion = 17.11.35327.3
MinimumVisualStudioVersion = 10.0.40219.1
Project("{FAE04EC0-301F-11D3-BF4B-00C04F79EFBC}") = "factorial", "factorial\factorial.csproj", "{1C317D55-42DE-4011-8611-C05247A5CD92}"
EndProject
Global
	GlobalSection(SolutionConfigurationPlatforms) = preSolution
		Debug|Any CPU = Debug|Any CPU
		Release|Any CPU = Release|Any CPU
	EndGlobalSection
	GlobalSection(ProjectConfigurationPlatforms) = postSolution
		{1C317D55-42DE-4011-8611-C05247A5CD92}.Debug|Any CPU.ActiveCfg = Debug|Any CPU
		{1C317D55-42DE-4011-8611-C05247A5CD92}.Debug|Any CPU.Build.0 = Debug|Any CPU
		{1C317D55-42DE-4011-8611-C05247A5CD92}.Release|Any CPU.ActiveCfg = Release|Any CPU
		{1C317D55-42DE-4011-8611-C05247A5CD92}.Release|Any CPU.Build.0 = Release|Any CPU
	EndGlobalSection
	GlobalSection(SolutionProperties) = preSolution
		HideSolutionNode = FALSE
	EndGlobalSection
	GlobalSection(ExtensibilityGlobals) = postSolution
		SolutionGuid = {7894BD5E-7854-4EC7-A6A5-B918045156E1}
	EndGlobalSection
EndGlobal
